
Microsoft Visual Studio Solution File, Format Version 12.00
# Visual Studio Version 17
VisualStudioVersion = 17.1.32319.34
MinimumVisualStudioVersion = 10.0.40219.1
Project("{FAE04EC0-301F-11D3-BF4B-00C04F79EFBC}") = "Module8dz", "Module8dz\Module8dz.csproj", "{852032F8-CCC8-4C54-8D56-35E89125CBC2}"
EndProject
Global
	GlobalSection(SolutionConfigurationPlatforms) = preSolution
		Debug|Any CPU = Debug|Any CPU
		Release|Any CPU = Release|Any CPU
	EndGlobalSection
	GlobalSection(ProjectConfigurationPlatforms) = postSolution
		{852032F8-CCC8-4C54-8D56-35E89125CBC2}.Debug|Any CPU.ActiveCfg = Debug|Any CPU
		{852032F8-CCC8-4C54-8D56-35E89125CBC2}.Debug|Any CPU.Build.0 = Debug|Any CPU
		{852032F8-CCC8-4C54-8D56-35E89125CBC2}.Release|Any CPU.ActiveCfg = Release|Any CPU
		{852032F8-CCC8-4C54-8D56-35E89125CBC2}.Release|Any CPU.Build.0 = Release|Any CPU
	EndGlobalSection
	GlobalSection(SolutionProperties) = preSolution
		HideSolutionNode = FALSE
	EndGlobalSection
	GlobalSection(ExtensibilityGlobals) = postSolution
		SolutionGuid = {0E5DAD4A-A437-4B25-9DB7-30FB572FD1DD}
	EndGlobalSection
EndGlobal
